
Microsoft Visual Studio Solution File, Format Version 12.00
# Visual Studio Version 16
VisualStudioVersion = 16.0.32602.291
MinimumVisualStudioVersion = 10.0.40219.1
Project("{8BC9CEB8-8B4A-11D0-8D11-00A0C91BC942}") = "Lecture10_STL_string_20220808", "Lecture10_STL_string_20220808.vcxproj", "{54929515-D13A-4979-8456-EBAA20CC5BBF}"
EndProject
Global
	GlobalSection(SolutionConfigurationPlatforms) = preSolution
		Debug|x64 = Debug|x64
		Debug|x86 = Debug|x86
		Release|x64 = Release|x64
		Release|x86 = Release|x86
	EndGlobalSection
	GlobalSection(ProjectConfigurationPlatforms) = postSolution
		{54929515-D13A-4979-8456-EBAA20CC5BBF}.Debug|x64.ActiveCfg = Debug|x64
		{54929515-D13A-4979-8456-EBAA20CC5BBF}.Debug|x64.Build.0 = Debug|x64
		{54929515-D13A-4979-8456-EBAA20CC5BBF}.Debug|x86.ActiveCfg = Debug|Win32
		{54929515-D13A-4979-8456-EBAA20CC5BBF}.Debug|x86.Build.0 = Debug|Win32
		{54929515-D13A-4979-8456-EBAA20CC5BBF}.Release|x64.ActiveCfg = Release|x64
		{54929515-D13A-4979-8456-EBAA20CC5BBF}.Release|x64.Build.0 = Release|x64
		{54929515-D13A-4979-8456-EBAA20CC5BBF}.Release|x86.ActiveCfg = Release|Win32
		{54929515-D13A-4979-8456-EBAA20CC5BBF}.Release|x86.Build.0 = Release|Win32
	EndGlobalSection
	GlobalSection(SolutionProperties) = preSolution
		HideSolutionNode = FALSE
	EndGlobalSection
	GlobalSection(ExtensibilityGlobals) = postSolution
		SolutionGuid = {08F62555-71CE-4188-9E5B-55F8D03CD540}
	EndGlobalSection
EndGlobal
