
Microsoft Visual Studio Solution File, Format Version 12.00
# Visual Studio Version 16
VisualStudioVersion = 16.0.32602.291
MinimumVisualStudioVersion = 10.0.40219.1
Project("{8BC9CEB8-8B4A-11D0-8D11-00A0C91BC942}") = "Lecture20_template_advanced_20220927", "Lecture20_template_advanced_20220927.vcxproj", "{280160CA-01DC-41BD-9ECA-577D9AE4E998}"
EndProject
Global
	GlobalSection(SolutionConfigurationPlatforms) = preSolution
		Debug|x64 = Debug|x64
		Debug|x86 = Debug|x86
		Release|x64 = Release|x64
		Release|x86 = Release|x86
	EndGlobalSection
	GlobalSection(ProjectConfigurationPlatforms) = postSolution
		{280160CA-01DC-41BD-9ECA-577D9AE4E998}.Debug|x64.ActiveCfg = Debug|x64
		{280160CA-01DC-41BD-9ECA-577D9AE4E998}.Debug|x64.Build.0 = Debug|x64
		{280160CA-01DC-41BD-9ECA-577D9AE4E998}.Debug|x86.ActiveCfg = Debug|Win32
		{280160CA-01DC-41BD-9ECA-577D9AE4E998}.Debug|x86.Build.0 = Debug|Win32
		{280160CA-01DC-41BD-9ECA-577D9AE4E998}.Release|x64.ActiveCfg = Release|x64
		{280160CA-01DC-41BD-9ECA-577D9AE4E998}.Release|x64.Build.0 = Release|x64
		{280160CA-01DC-41BD-9ECA-577D9AE4E998}.Release|x86.ActiveCfg = Release|Win32
		{280160CA-01DC-41BD-9ECA-577D9AE4E998}.Release|x86.Build.0 = Release|Win32
	EndGlobalSection
	GlobalSection(SolutionProperties) = preSolution
		HideSolutionNode = FALSE
	EndGlobalSection
	GlobalSection(ExtensibilityGlobals) = postSolution
		SolutionGuid = {065C3059-6F47-47FB-835B-134D98EE4E53}
	EndGlobalSection
EndGlobal
